
Microsoft Visual Studio Solution File, Format Version 12.00
# Visual Studio Version 17
VisualStudioVersion = 17.8.34322.80
MinimumVisualStudioVersion = 10.0.40219.1
Project("{FAE04EC0-301F-11D3-BF4B-00C04F79EFBC}") = "TPPreferences", "TPPreferences.csproj", "{61399664-AD54-45DD-A7DC-FFAF5E57391C}"
EndProject
Global
	GlobalSection(SolutionConfigurationPlatforms) = preSolution
		Debug|Any CPU = Debug|Any CPU
		Release|Any CPU = Release|Any CPU
	EndGlobalSection
	GlobalSection(ProjectConfigurationPlatforms) = postSolution
		{61399664-AD54-45DD-A7DC-FFAF5E57391C}.Debug|Any CPU.ActiveCfg = Debug|Any CPU
		{61399664-AD54-45DD-A7DC-FFAF5E57391C}.Debug|Any CPU.Build.0 = Debug|Any CPU
		{61399664-AD54-45DD-A7DC-FFAF5E57391C}.Release|Any CPU.ActiveCfg = Release|Any CPU
		{61399664-AD54-45DD-A7DC-FFAF5E57391C}.Release|Any CPU.Build.0 = Release|Any CPU
	EndGlobalSection
	GlobalSection(SolutionProperties) = preSolution
		HideSolutionNode = FALSE
	EndGlobalSection
	GlobalSection(ExtensibilityGlobals) = postSolution
		SolutionGuid = {0524D3E2-5B2D-49FC-9842-E8E54F091D23}
	EndGlobalSection
EndGlobal
