
Microsoft Visual Studio Solution File, Format Version 12.00
# Visual Studio Version 17
VisualStudioVersion = 17.8.34322.80
MinimumVisualStudioVersion = 10.0.40219.1
Project("{FAE04EC0-301F-11D3-BF4B-00C04F79EFBC}") = "THE HARE AND THE TURTLE", "THE HARE AND THE TURTLE.csproj", "{57D643BE-555C-491C-A03A-C3FBF9509E44}"
EndProject
Global
	GlobalSection(SolutionConfigurationPlatforms) = preSolution
		Debug|Any CPU = Debug|Any CPU
		Release|Any CPU = Release|Any CPU
	EndGlobalSection
	GlobalSection(ProjectConfigurationPlatforms) = postSolution
		{57D643BE-555C-491C-A03A-C3FBF9509E44}.Debug|Any CPU.ActiveCfg = Debug|Any CPU
		{57D643BE-555C-491C-A03A-C3FBF9509E44}.Debug|Any CPU.Build.0 = Debug|Any CPU
		{57D643BE-555C-491C-A03A-C3FBF9509E44}.Release|Any CPU.ActiveCfg = Release|Any CPU
		{57D643BE-555C-491C-A03A-C3FBF9509E44}.Release|Any CPU.Build.0 = Release|Any CPU
	EndGlobalSection
	GlobalSection(SolutionProperties) = preSolution
		HideSolutionNode = FALSE
	EndGlobalSection
	GlobalSection(ExtensibilityGlobals) = postSolution
		SolutionGuid = {6C3E2DCC-FA79-4639-9C12-1305143FC57F}
	EndGlobalSection
EndGlobal
