
Microsoft Visual Studio Solution File, Format Version 12.00
# Visual Studio Version 17
VisualStudioVersion = 17.8.34322.80
MinimumVisualStudioVersion = 10.0.40219.1
Project("{FAE04EC0-301F-11D3-BF4B-00C04F79EFBC}") = "ASP.NET - TP1 - Corsica Battle", "ASP.NET - TP1 - Corsica Battle.csproj", "{00240A51-4855-4FA6-857C-1949BC08768E}"
EndProject
Global
	GlobalSection(SolutionConfigurationPlatforms) = preSolution
		Debug|Any CPU = Debug|Any CPU
		Release|Any CPU = Release|Any CPU
	EndGlobalSection
	GlobalSection(ProjectConfigurationPlatforms) = postSolution
		{00240A51-4855-4FA6-857C-1949BC08768E}.Debug|Any CPU.ActiveCfg = Debug|Any CPU
		{00240A51-4855-4FA6-857C-1949BC08768E}.Debug|Any CPU.Build.0 = Debug|Any CPU
		{00240A51-4855-4FA6-857C-1949BC08768E}.Release|Any CPU.ActiveCfg = Release|Any CPU
		{00240A51-4855-4FA6-857C-1949BC08768E}.Release|Any CPU.Build.0 = Release|Any CPU
	EndGlobalSection
	GlobalSection(SolutionProperties) = preSolution
		HideSolutionNode = FALSE
	EndGlobalSection
	GlobalSection(ExtensibilityGlobals) = postSolution
		SolutionGuid = {4A0ECD1A-75F3-45F1-B4CC-FA7C50906CB7}
	EndGlobalSection
EndGlobal
