
Microsoft Visual Studio Solution File, Format Version 12.00
# Visual Studio Version 17
VisualStudioVersion = 17.8.34322.80
MinimumVisualStudioVersion = 10.0.40219.1
Project("{FAE04EC0-301F-11D3-BF4B-00C04F79EFBC}") = "TPDojo", "TPDojo.csproj", "{74641169-F1DD-4927-9E11-579CD8682F52}"
EndProject
Project("{FAE04EC0-301F-11D3-BF4B-00C04F79EFBC}") = "BO", "BO\BO.csproj", "{78303668-F5A1-4DE2-918B-968CFCD64075}"
EndProject
Global
	GlobalSection(SolutionConfigurationPlatforms) = preSolution
		Debug|Any CPU = Debug|Any CPU
		Release|Any CPU = Release|Any CPU
	EndGlobalSection
	GlobalSection(ProjectConfigurationPlatforms) = postSolution
		{74641169-F1DD-4927-9E11-579CD8682F52}.Debug|Any CPU.ActiveCfg = Debug|Any CPU
		{74641169-F1DD-4927-9E11-579CD8682F52}.Debug|Any CPU.Build.0 = Debug|Any CPU
		{74641169-F1DD-4927-9E11-579CD8682F52}.Release|Any CPU.ActiveCfg = Release|Any CPU
		{74641169-F1DD-4927-9E11-579CD8682F52}.Release|Any CPU.Build.0 = Release|Any CPU
		{78303668-F5A1-4DE2-918B-968CFCD64075}.Debug|Any CPU.ActiveCfg = Debug|Any CPU
		{78303668-F5A1-4DE2-918B-968CFCD64075}.Debug|Any CPU.Build.0 = Debug|Any CPU
		{78303668-F5A1-4DE2-918B-968CFCD64075}.Release|Any CPU.ActiveCfg = Release|Any CPU
		{78303668-F5A1-4DE2-918B-968CFCD64075}.Release|Any CPU.Build.0 = Release|Any CPU
	EndGlobalSection
	GlobalSection(SolutionProperties) = preSolution
		HideSolutionNode = FALSE
	EndGlobalSection
	GlobalSection(ExtensibilityGlobals) = postSolution
		SolutionGuid = {4B9A0A11-954B-49BD-B2F6-14A0A10B1DB7}
	EndGlobalSection
EndGlobal
